
Microsoft Visual Studio Solution File, Format Version 12.00
# Visual Studio Version 17
VisualStudioVersion = 17.0.32014.148
MinimumVisualStudioVersion = 10.0.40219.1
Project("{9A19103F-16F7-4668-BE54-9A1E7A4F7556}") = "CraftInterpreter.Lox", "CraftInterpreter.Lox\CraftInterpreter.Lox.csproj", "{DF568EDF-41AC-40FD-AC9F-6F02DCF4829A}"
EndProject
Project("{9A19103F-16F7-4668-BE54-9A1E7A4F7556}") = "CraftInterpreter.Lox.Tests", "CraftInterpreter.Lox.Tests\CraftInterpreter.Lox.Tests.csproj", "{3250BDFD-E437-43D4-B874-114E6A90F585}"
EndProject
Project("{FAE04EC0-301F-11D3-BF4B-00C04F79EFBC}") = "CraftInterpreter.Lox.Parser", "CraftInterpreter.Lox.Parser\CraftInterpreter.Lox.Parser.csproj", "{CFC7AF72-43A0-496B-A5E6-6E17A63E63BD}"
EndProject
Global
	GlobalSection(SolutionConfigurationPlatforms) = preSolution
		Debug|Any CPU = Debug|Any CPU
		Release|Any CPU = Release|Any CPU
	EndGlobalSection
	GlobalSection(ProjectConfigurationPlatforms) = postSolution
		{DF568EDF-41AC-40FD-AC9F-6F02DCF4829A}.Debug|Any CPU.ActiveCfg = Debug|Any CPU
		{DF568EDF-41AC-40FD-AC9F-6F02DCF4829A}.Debug|Any CPU.Build.0 = Debug|Any CPU
		{DF568EDF-41AC-40FD-AC9F-6F02DCF4829A}.Release|Any CPU.ActiveCfg = Release|Any CPU
		{DF568EDF-41AC-40FD-AC9F-6F02DCF4829A}.Release|Any CPU.Build.0 = Release|Any CPU
		{3250BDFD-E437-43D4-B874-114E6A90F585}.Debug|Any CPU.ActiveCfg = Debug|Any CPU
		{3250BDFD-E437-43D4-B874-114E6A90F585}.Debug|Any CPU.Build.0 = Debug|Any CPU
		{3250BDFD-E437-43D4-B874-114E6A90F585}.Release|Any CPU.ActiveCfg = Release|Any CPU
		{3250BDFD-E437-43D4-B874-114E6A90F585}.Release|Any CPU.Build.0 = Release|Any CPU
		{CFC7AF72-43A0-496B-A5E6-6E17A63E63BD}.Debug|Any CPU.ActiveCfg = Debug|Any CPU
		{CFC7AF72-43A0-496B-A5E6-6E17A63E63BD}.Debug|Any CPU.Build.0 = Debug|Any CPU
		{CFC7AF72-43A0-496B-A5E6-6E17A63E63BD}.Release|Any CPU.ActiveCfg = Release|Any CPU
		{CFC7AF72-43A0-496B-A5E6-6E17A63E63BD}.Release|Any CPU.Build.0 = Release|Any CPU
	EndGlobalSection
	GlobalSection(SolutionProperties) = preSolution
		HideSolutionNode = FALSE
	EndGlobalSection
	GlobalSection(ExtensibilityGlobals) = postSolution
		SolutionGuid = {58AF3DD4-51EA-46BD-A4A5-7D6C2E7F7427}
	EndGlobalSection
EndGlobal
